
Microsoft Visual Studio Solution File, Format Version 12.00
# Visual Studio Version 17
VisualStudioVersion = 17.4.33110.190
MinimumVisualStudioVersion = 10.0.40219.1
Project("{FAE04EC0-301F-11D3-BF4B-00C04F79EFBC}") = "w05", "w05\w05.csproj", "{A70A38FB-7FFF-4D25-A1E2-5F561E40D8AF}"
EndProject
Global
	GlobalSection(SolutionConfigurationPlatforms) = preSolution
		Debug|Any CPU = Debug|Any CPU
		Release|Any CPU = Release|Any CPU
	EndGlobalSection
	GlobalSection(ProjectConfigurationPlatforms) = postSolution
		{A70A38FB-7FFF-4D25-A1E2-5F561E40D8AF}.Debug|Any CPU.ActiveCfg = Debug|Any CPU
		{A70A38FB-7FFF-4D25-A1E2-5F561E40D8AF}.Debug|Any CPU.Build.0 = Debug|Any CPU
		{A70A38FB-7FFF-4D25-A1E2-5F561E40D8AF}.Release|Any CPU.ActiveCfg = Release|Any CPU
		{A70A38FB-7FFF-4D25-A1E2-5F561E40D8AF}.Release|Any CPU.Build.0 = Release|Any CPU
	EndGlobalSection
	GlobalSection(SolutionProperties) = preSolution
		HideSolutionNode = FALSE
	EndGlobalSection
	GlobalSection(ExtensibilityGlobals) = postSolution
		SolutionGuid = {9FB01A77-DF04-44DA-A5EE-29559DD52653}
	EndGlobalSection
EndGlobal
